// !$*UTF8*$!
{
	archiveVersion = 1;
	classes = {
	};
	objectVersion = 46;
	objects = {

/* Begin PBXGroup section */
		6C72B90A19A03D84007E6205 = {
			isa = PBXGroup;
			children = (
			);
			sourceTree = "<group>";
		};
/* End PBXGroup section */

/* Begin PBXProject section */
		6C72B90B19A03D84007E6205 /* Project object */ = {
			isa = PBXProject;
			attributes = {
				LastUpgradeCheck = 0600;
			};
			buildConfigurationList = 6C72B90E19A03D84007E6205 /* Build configuration list for PBXProject "Yoboard" */;
			compatibilityVersion = "Xcode 3.2";
			developmentRegion = English;
			hasScannedForEncodings = 0;
			knownRegions = (
				en,
			);
			mainGroup = 6C72B90A19A03D84007E6205;
			projectDirPath = "";
			projectRoot = "";
			targets = (
			);
		};
/* End PBXProject section */

/* Begin XCBuildConfiguration section */
		6C72B90F19A03D84007E6205 /* Debug */ = {
			isa = XCBuildConfiguration;
			buildSettings = {
			};
			name = Debug;
		};
		6C72B91019A03D84007E6205 /* Release */ = {
			isa = XCBuildConfiguration;
			buildSettings = {
			};
			name = Release;
		};
/* End XCBuildConfiguration section */

/* Begin XCConfigurationList section */
		6C72B90E19A03D84007E6205 /* Build configuration list for PBXProject "Yoboard" */ = {
			isa = XCConfigurationList;
			buildConfigurations = (
				6C72B90F19A03D84007E6205 /* Debug */,
				6C72B91019A03D84007E6205 /* Release */,
			);
			defaultConfigurationIsVisible = 0;
			defaultConfigurationName = Release;
		};
/* End XCConfigurationList section */
	};
	rootObject = 6C72B90B19A03D84007E6205 /* Project object */;
}
